
Microsoft Visual Studio Solution File, Format Version 12.00
# Visual Studio 15
VisualStudioVersion = 15.0.26730.3
MinimumVisualStudioVersion = 10.0.40219.1
Project("{FAE04EC0-301F-11D3-BF4B-00C04F79EFBC}") = "Nager.PublicSuffix.UnitTest", "Nager.PublicSuffix.UnitTest\Nager.PublicSuffix.UnitTest.csproj", "{EEE301BC-4640-4EEB-88B4-00BD9C0FFD97}"
EndProject
Project("{FAE04EC0-301F-11D3-BF4B-00C04F79EFBC}") = "Nager.PublicSuffix.TestConsole", "Nager.PublicSuffix.TestConsole\Nager.PublicSuffix.TestConsole.csproj", "{9FCB0FC2-65E0-4B94-AB2E-ABE533879334}"
EndProject
Project("{FAE04EC0-301F-11D3-BF4B-00C04F79EFBC}") = "Nager.PublicSuffix", "Nager.PublicSuffix\Nager.PublicSuffix.csproj", "{B4A5999D-C331-4F7A-8BBE-D25E1C188365}"
EndProject
Global
	GlobalSection(SolutionConfigurationPlatforms) = preSolution
		Debug|Any CPU = Debug|Any CPU
		Release|Any CPU = Release|Any CPU
	EndGlobalSection
	GlobalSection(ProjectConfigurationPlatforms) = postSolution
		{EEE301BC-4640-4EEB-88B4-00BD9C0FFD97}.Debug|Any CPU.ActiveCfg = Debug|Any CPU
		{EEE301BC-4640-4EEB-88B4-00BD9C0FFD97}.Debug|Any CPU.Build.0 = Debug|Any CPU
		{EEE301BC-4640-4EEB-88B4-00BD9C0FFD97}.Release|Any CPU.ActiveCfg = Release|Any CPU
		{EEE301BC-4640-4EEB-88B4-00BD9C0FFD97}.Release|Any CPU.Build.0 = Release|Any CPU
		{9FCB0FC2-65E0-4B94-AB2E-ABE533879334}.Debug|Any CPU.ActiveCfg = Debug|Any CPU
		{9FCB0FC2-65E0-4B94-AB2E-ABE533879334}.Debug|Any CPU.Build.0 = Debug|Any CPU
		{9FCB0FC2-65E0-4B94-AB2E-ABE533879334}.Release|Any CPU.ActiveCfg = Release|Any CPU
		{9FCB0FC2-65E0-4B94-AB2E-ABE533879334}.Release|Any CPU.Build.0 = Release|Any CPU
		{B4A5999D-C331-4F7A-8BBE-D25E1C188365}.Debug|Any CPU.ActiveCfg = Debug|Any CPU
		{B4A5999D-C331-4F7A-8BBE-D25E1C188365}.Debug|Any CPU.Build.0 = Debug|Any CPU
		{B4A5999D-C331-4F7A-8BBE-D25E1C188365}.Release|Any CPU.ActiveCfg = Release|Any CPU
		{B4A5999D-C331-4F7A-8BBE-D25E1C188365}.Release|Any CPU.Build.0 = Release|Any CPU
	EndGlobalSection
	GlobalSection(SolutionProperties) = preSolution
		HideSolutionNode = FALSE
	EndGlobalSection
	GlobalSection(ExtensibilityGlobals) = postSolution
		SolutionGuid = {812128C7-D4B1-4822-89D2-B1F8EF1780CC}
	EndGlobalSection
EndGlobal
