
Microsoft Visual Studio Solution File, Format Version 12.00
# Visual Studio Version 17
VisualStudioVersion = 17.1.32210.238
MinimumVisualStudioVersion = 10.0.40219.1
Project("{9A19103F-16F7-4668-BE54-9A1E7A4F7556}") = "Nager.PublicSuffix", "Nager.PublicSuffix\Nager.PublicSuffix.csproj", "{B4A5999D-C331-4F7A-8BBE-D25E1C188365}"
EndProject
Project("{9A19103F-16F7-4668-BE54-9A1E7A4F7556}") = "Nager.PublicSuffix.UnitTest", "Nager.PublicSuffix.UnitTest\Nager.PublicSuffix.UnitTest.csproj", "{09196C00-837C-4980-AF04-3F7B3ED8049C}"
EndProject
Project("{9A19103F-16F7-4668-BE54-9A1E7A4F7556}") = "Nager.PublicSuffix.TestConsole", "Nager.PublicSuffix.TestConsole\Nager.PublicSuffix.TestConsole.csproj", "{E0D96585-D51D-43EF-AFA2-035480D596E8}"
EndProject
Global
	GlobalSection(SolutionConfigurationPlatforms) = preSolution
		Debug|Any CPU = Debug|Any CPU
		Release|Any CPU = Release|Any CPU
	EndGlobalSection
	GlobalSection(ProjectConfigurationPlatforms) = postSolution
		{B4A5999D-C331-4F7A-8BBE-D25E1C188365}.Debug|Any CPU.ActiveCfg = Debug|Any CPU
		{B4A5999D-C331-4F7A-8BBE-D25E1C188365}.Debug|Any CPU.Build.0 = Debug|Any CPU
		{B4A5999D-C331-4F7A-8BBE-D25E1C188365}.Release|Any CPU.ActiveCfg = Release|Any CPU
		{B4A5999D-C331-4F7A-8BBE-D25E1C188365}.Release|Any CPU.Build.0 = Release|Any CPU
		{09196C00-837C-4980-AF04-3F7B3ED8049C}.Debug|Any CPU.ActiveCfg = Debug|Any CPU
		{09196C00-837C-4980-AF04-3F7B3ED8049C}.Debug|Any CPU.Build.0 = Debug|Any CPU
		{09196C00-837C-4980-AF04-3F7B3ED8049C}.Release|Any CPU.ActiveCfg = Release|Any CPU
		{09196C00-837C-4980-AF04-3F7B3ED8049C}.Release|Any CPU.Build.0 = Release|Any CPU
		{E0D96585-D51D-43EF-AFA2-035480D596E8}.Debug|Any CPU.ActiveCfg = Debug|Any CPU
		{E0D96585-D51D-43EF-AFA2-035480D596E8}.Debug|Any CPU.Build.0 = Debug|Any CPU
		{E0D96585-D51D-43EF-AFA2-035480D596E8}.Release|Any CPU.ActiveCfg = Release|Any CPU
		{E0D96585-D51D-43EF-AFA2-035480D596E8}.Release|Any CPU.Build.0 = Release|Any CPU
	EndGlobalSection
	GlobalSection(SolutionProperties) = preSolution
		HideSolutionNode = FALSE
	EndGlobalSection
	GlobalSection(ExtensibilityGlobals) = postSolution
		SolutionGuid = {812128C7-D4B1-4822-89D2-B1F8EF1780CC}
	EndGlobalSection
EndGlobal
